
Microsoft Visual Studio Solution File, Format Version 12.00
# Visual Studio 15
VisualStudioVersion = 15.0.28307.960
MinimumVisualStudioVersion = 10.0.40219.1
Project("{FAE04EC0-301F-11D3-BF4B-00C04F79EFBC}") = "MontagemCurriculo", "MontagemCurriculo\MontagemCurriculo.csproj", "{1C680F58-D1A3-4CFF-9EFC-F985D60FD3DB}"
EndProject
Global
	GlobalSection(SolutionConfigurationPlatforms) = preSolution
		Debug|Any CPU = Debug|Any CPU
		Release|Any CPU = Release|Any CPU
	EndGlobalSection
	GlobalSection(ProjectConfigurationPlatforms) = postSolution
		{1C680F58-D1A3-4CFF-9EFC-F985D60FD3DB}.Debug|Any CPU.ActiveCfg = Debug|Any CPU
		{1C680F58-D1A3-4CFF-9EFC-F985D60FD3DB}.Debug|Any CPU.Build.0 = Debug|Any CPU
		{1C680F58-D1A3-4CFF-9EFC-F985D60FD3DB}.Release|Any CPU.ActiveCfg = Release|Any CPU
		{1C680F58-D1A3-4CFF-9EFC-F985D60FD3DB}.Release|Any CPU.Build.0 = Release|Any CPU
	EndGlobalSection
	GlobalSection(SolutionProperties) = preSolution
		HideSolutionNode = FALSE
	EndGlobalSection
	GlobalSection(ExtensibilityGlobals) = postSolution
		SolutionGuid = {6C98C372-9D5A-44C4-9B08-AF74A062E84B}
	EndGlobalSection
EndGlobal
