
Microsoft Visual Studio Solution File, Format Version 12.00
# Visual Studio 15
VisualStudioVersion = 15.0.28307.960
MinimumVisualStudioVersion = 10.0.40219.1
Project("{FAE04EC0-301F-11D3-BF4B-00C04F79EFBC}") = "FaixaEtariaViewComponent", "FaixaEtariaViewComponent\FaixaEtariaViewComponent.csproj", "{915B6A06-EBC0-4B4F-AE85-E5A83ABCC211}"
EndProject
Global
	GlobalSection(SolutionConfigurationPlatforms) = preSolution
		Debug|Any CPU = Debug|Any CPU
		Release|Any CPU = Release|Any CPU
	EndGlobalSection
	GlobalSection(ProjectConfigurationPlatforms) = postSolution
		{915B6A06-EBC0-4B4F-AE85-E5A83ABCC211}.Debug|Any CPU.ActiveCfg = Debug|Any CPU
		{915B6A06-EBC0-4B4F-AE85-E5A83ABCC211}.Debug|Any CPU.Build.0 = Debug|Any CPU
		{915B6A06-EBC0-4B4F-AE85-E5A83ABCC211}.Release|Any CPU.ActiveCfg = Release|Any CPU
		{915B6A06-EBC0-4B4F-AE85-E5A83ABCC211}.Release|Any CPU.Build.0 = Release|Any CPU
	EndGlobalSection
	GlobalSection(SolutionProperties) = preSolution
		HideSolutionNode = FALSE
	EndGlobalSection
	GlobalSection(ExtensibilityGlobals) = postSolution
		SolutionGuid = {58EF033F-655A-4310-A207-64DBC4DFD222}
	EndGlobalSection
EndGlobal
